
Microsoft Visual Studio Solution File, Format Version 12.00
# Visual Studio Version 16
VisualStudioVersion = 16.0.30128.74
MinimumVisualStudioVersion = 10.0.40219.1
Project("{FAE04EC0-301F-11D3-BF4B-00C04F79EFBC}") = "Coalitie", "Coalitie\Coalitie.csproj", "{EA6075B7-5EF7-4EB9-A505-3F9F1D458BFE}"
EndProject
Project("{FAE04EC0-301F-11D3-BF4B-00C04F79EFBC}") = "Test", "Test\Test.csproj", "{8A2F78E2-9978-4F8B-A4EA-459D7A79F8E5}"
EndProject
Global
	GlobalSection(SolutionConfigurationPlatforms) = preSolution
		Debug|Any CPU = Debug|Any CPU
		Release|Any CPU = Release|Any CPU
	EndGlobalSection
	GlobalSection(ProjectConfigurationPlatforms) = postSolution
		{EA6075B7-5EF7-4EB9-A505-3F9F1D458BFE}.Debug|Any CPU.ActiveCfg = Debug|Any CPU
		{EA6075B7-5EF7-4EB9-A505-3F9F1D458BFE}.Debug|Any CPU.Build.0 = Debug|Any CPU
		{EA6075B7-5EF7-4EB9-A505-3F9F1D458BFE}.Release|Any CPU.ActiveCfg = Release|Any CPU
		{EA6075B7-5EF7-4EB9-A505-3F9F1D458BFE}.Release|Any CPU.Build.0 = Release|Any CPU
		{8A2F78E2-9978-4F8B-A4EA-459D7A79F8E5}.Debug|Any CPU.ActiveCfg = Debug|Any CPU
		{8A2F78E2-9978-4F8B-A4EA-459D7A79F8E5}.Debug|Any CPU.Build.0 = Debug|Any CPU
		{8A2F78E2-9978-4F8B-A4EA-459D7A79F8E5}.Release|Any CPU.ActiveCfg = Release|Any CPU
		{8A2F78E2-9978-4F8B-A4EA-459D7A79F8E5}.Release|Any CPU.Build.0 = Release|Any CPU
	EndGlobalSection
	GlobalSection(SolutionProperties) = preSolution
		HideSolutionNode = FALSE
	EndGlobalSection
	GlobalSection(ExtensibilityGlobals) = postSolution
		SolutionGuid = {B6562C2A-55E3-4490-BBF5-53A84A93B350}
	EndGlobalSection
EndGlobal
